<?xml version="1.0" encoding="utf-8"?>
<Project ToolsVersion="4.0" xmlns="http://schemas.microsoft.com/developer/msbuild/2003">
  <ItemGroup>
    <Filter Include="Source Files">
      <UniqueIdentifier>{e2063e51-7033-48c5-9545-6a12e499f0ea}</UniqueIdentifier>
      <Extensions>cpp;c;cxx;rc;def;r;odl;hpj;bat;for;f90</Extensions>
    </Filter>
    <Filter Include="Source Files\COM Implementation Files">
      <UniqueIdentifier>{9855b0a4-442c-42f4-b505-61e4111d1f1a}</UniqueIdentifier>
    </Filter>
    <Filter Include="Source Files\COM Interface Files">
      <UniqueIdentifier>{d99e324c-57d7-4640-82f0-4b5433c30ff6}</UniqueIdentifier>
    </Filter>
    <Filter Include="Source Files\COM Interface Files\COM Container Interface Files">
      <UniqueIdentifier>{a5883dca-6cc5-4784-9bbf-e05df54243ef}</UniqueIdentifier>
    </Filter>
    <Filter Include="Source Files\COM Interface Files\IGraphic Interface">
      <UniqueIdentifier>{7c409945-c304-4835-932d-401c9a4a8ad4}</UniqueIdentifier>
    </Filter>
    <Filter Include="Source Files\Window Handlers">
      <UniqueIdentifier>{df911e8b-2603-4245-bd95-ac1fdc600d4c}</UniqueIdentifier>
    </Filter>
    <Filter Include="Header Files">
      <UniqueIdentifier>{cc0e8604-9a02-41c1-9ebd-99ad1ad649e2}</UniqueIdentifier>
      <Extensions>h;hpp;hxx;hm;inl;fi;fd</Extensions>
    </Filter>
    <Filter Include="Resource Files">
      <UniqueIdentifier>{3f34111d-0036-460c-80ea-fdffa28e4f84}</UniqueIdentifier>
      <Extensions>ico;cur;bmp;dlg;rc2;rct;bin;cnt;rtf;gif;jpg;jpeg;jpe</Extensions>
    </Filter>
    <Filter Include="Source Files\Window Handlers\Property Sheet Handlers">
      <UniqueIdentifier>{22be0b8a-d331-4581-82aa-9c6ca77de77d}</UniqueIdentifier>
    </Filter>
    <Filter Include="Source Files\COM Interface Files\Custom COM Interface Files">
      <UniqueIdentifier>{1991b5d7-a727-4f43-95f4-fb32db70d6f6}</UniqueIdentifier>
    </Filter>
    <Filter Include="Source Files\COM Interface Files\Properties COM Interface Files">
      <UniqueIdentifier>{28cd6dd2-842b-47ed-bd28-834c10710307}</UniqueIdentifier>
    </Filter>
  </ItemGroup>
  <ItemGroup>
    <ClCompile Include="\Common\Utils\mathUtils.cpp">
      <Filter>Source Files</Filter>
    </ClCompile>
    <ClCompile Include="\Common\Utils\registryUtils.cpp">
      <Filter>Source Files</Filter>
    </ClCompile>
    <ClCompile Include="\Common\Utils\Utils.cpp">
      <Filter>Source Files</Filter>
    </ClCompile>
    <ClCompile Include="\Common\Utils\VariantUtils.cpp">
      <Filter>Source Files</Filter>
    </ClCompile>
    <ClCompile Include="Source\Graphic.cpp">
      <Filter>Source Files</Filter>
    </ClCompile>
    <ClCompile Include="Source\GraphicDrawing.cpp">
      <Filter>Source Files</Filter>
    </ClCompile>
    <ClCompile Include="Source\GraphicInit.cpp">
      <Filter>Source Files</Filter>
    </ClCompile>
    <ClCompile Include="Source\GraphicPick.cpp">
      <Filter>Source Files</Filter>
    </ClCompile>
    <ClCompile Include="Source\functionHandler.cpp">
      <Filter>Source Files\Window Handlers\Property Sheet Handlers</Filter>
    </ClCompile>
    <ClCompile Include="Source\axisHandler.cpp">
      <Filter>Source Files\Window Handlers\Property Sheet Handlers</Filter>
    </ClCompile>
    <ClCompile Include="Source\backgroundHandler.cpp">
      <Filter>Source Files\Window Handlers\Property Sheet Handlers</Filter>
    </ClCompile>
    <ClCompile Include="Source\GraphicHandler.cpp">
      <Filter>Source Files\Window Handlers</Filter>
    </ClCompile>
    <ClCompile Include="Source\styleHandler.cpp">
      <Filter>Source Files\Window Handlers\Property Sheet Handlers</Filter>
    </ClCompile>
    <ClCompile Include="Source\sampleGraphicHandler.cpp">
      <Filter>Source Files\Window Handlers\Property Sheet Handlers</Filter>
    </ClCompile>
    <ClCompile Include="Source\posSizeHandler.cpp">
      <Filter>Source Files\Window Handlers\Property Sheet Handlers</Filter>
    </ClCompile>
    <ClCompile Include="Source\plotHandler.cpp">
      <Filter>Source Files\Window Handlers\Property Sheet Handlers</Filter>
    </ClCompile>
    <ClCompile Include="Source\lightingHandler.cpp">
      <Filter>Source Files\Window Handlers\Property Sheet Handlers</Filter>
    </ClCompile>
    <ClCompile Include="Source\IAdviseSink.cpp">
      <Filter>Source Files\COM Interface Files</Filter>
    </ClCompile>
    <ClCompile Include="Source\IDataObject.cpp">
      <Filter>Source Files\COM Interface Files</Filter>
    </ClCompile>
    <ClCompile Include="Source\IOleControl.cpp">
      <Filter>Source Files\COM Interface Files</Filter>
    </ClCompile>
    <ClCompile Include="Source\IOleInPlaceActiveObject.cpp">
      <Filter>Source Files\COM Interface Files</Filter>
    </ClCompile>
    <ClCompile Include="Source\IOleInPlaceObject.cpp">
      <Filter>Source Files\COM Interface Files</Filter>
    </ClCompile>
    <ClCompile Include="Source\IOleObject.cpp">
      <Filter>Source Files\COM Interface Files</Filter>
    </ClCompile>
    <ClCompile Include="Source\IPlotNotify.cpp">
      <Filter>Source Files\COM Interface Files</Filter>
    </ClCompile>
    <ClCompile Include="Source\IProvideClassInfo.cpp">
      <Filter>Source Files\COM Interface Files</Filter>
    </ClCompile>
    <ClCompile Include="Source\IRunnableObject.cpp">
      <Filter>Source Files\COM Interface Files</Filter>
    </ClCompile>
    <ClCompile Include="Source\ISpecifyPropertyPages.cpp">
      <Filter>Source Files\COM Interface Files</Filter>
    </ClCompile>
    <ClCompile Include="Source\ITextNotify.cpp">
      <Filter>Source Files\COM Interface Files</Filter>
    </ClCompile>
    <ClCompile Include="Source\IUnknown.cpp">
      <Filter>Source Files\COM Interface Files</Filter>
    </ClCompile>
    <ClCompile Include="Source\IViewObjectEx.cpp">
      <Filter>Source Files\COM Interface Files</Filter>
    </ClCompile>
    <ClCompile Include="Source\COMImplementation.cpp">
      <Filter>Source Files\COM Implementation Files</Filter>
    </ClCompile>
    <ClCompile Include="\Common\Utils\COMUtils.cpp">
      <Filter>Source Files\COM Implementation Files</Filter>
    </ClCompile>
    <ClCompile Include="Source\ContainedObjectIOleInPlaceSite.cpp">
      <Filter>Source Files\COM Interface Files\COM Container Interface Files</Filter>
    </ClCompile>
    <ClCompile Include="Source\ContainedFunction.cpp">
      <Filter>Source Files\COM Interface Files\COM Container Interface Files</Filter>
    </ClCompile>
    <ClCompile Include="Source\ContainedObject.cpp">
      <Filter>Source Files\COM Interface Files\COM Container Interface Files</Filter>
    </ClCompile>
    <ClCompile Include="Source\ContainedObjectIOleClentSite.cpp">
      <Filter>Source Files\COM Interface Files\COM Container Interface Files</Filter>
    </ClCompile>
    <ClCompile Include="Source\ContainedObjectIOleClientSite_IDispatch.cpp">
      <Filter>Source Files\COM Interface Files\COM Container Interface Files</Filter>
    </ClCompile>
    <ClCompile Include="Source\IGraphic.cpp">
      <Filter>Source Files\COM Interface Files\IGraphic Interface</Filter>
    </ClCompile>
    <ClCompile Include="Source\IGraphic_data.cpp">
      <Filter>Source Files\COM Interface Files\IGraphic Interface</Filter>
    </ClCompile>
    <ClCompile Include="Source\IGraphic_Properties.cpp">
      <Filter>Source Files\COM Interface Files\IGraphic Interface</Filter>
    </ClCompile>
    <ClCompile Include="Source\textHandler.cpp">
      <Filter>Source Files\Window Handlers\Property Sheet Handlers</Filter>
    </ClCompile>
    <ClCompile Include="Source\IGsystemStatusBar.cpp">
      <Filter>Source Files\COM Interface Files\Custom COM Interface Files</Filter>
    </ClCompile>
    <ClCompile Include="Source\IPropertiesClient.cpp">
      <Filter>Source Files\COM Interface Files\Properties COM Interface Files</Filter>
    </ClCompile>
    <ClCompile Include="Source\IPropertyPage.cpp">
      <Filter>Source Files\COM Interface Files\Properties COM Interface Files</Filter>
    </ClCompile>
    <ClCompile Include="Source\IPropertyPageClient.cpp">
      <Filter>Source Files\COM Interface Files\Properties COM Interface Files</Filter>
    </ClCompile>
    <ClCompile Include="Source\graphicCursor.cpp">
      <Filter>Source Files</Filter>
    </ClCompile>
    <ClCompile Include="Source\dataSetHandler.cpp">
      <Filter>Source Files\Window Handlers\Property Sheet Handlers</Filter>
    </ClCompile>
    <ClCompile Include="Source\ContainedDataSet.cpp">
      <Filter>Source Files\COM Interface Files\COM Container Interface Files</Filter>
    </ClCompile>
    <ClCompile Include="Source\statusBarHandler.cpp">
      <Filter>Source Files\Window Handlers</Filter>
    </ClCompile>
    <ClCompile Include="Source\dataSourcesVisibility.cpp">
      <Filter>Source Files</Filter>
    </ClCompile>
    <ClCompile Include="Source\dataSourcesHandler.cpp">
      <Filter>Source Files\Window Handlers</Filter>
    </ClCompile>
    <ClCompile Include="Source\IGraphicServices.cpp">
      <Filter>Source Files\COM Interface Files\IGraphic Interface</Filter>
    </ClCompile>
    <ClCompile Include="..\Common\source\utilities.cpp">
      <Filter>Source Files</Filter>
    </ClCompile>
  </ItemGroup>
  <ItemGroup>
    <None Include="Graphic.def">
      <Filter>Source Files\COM Implementation Files</Filter>
    </None>
  </ItemGroup>
  <ItemGroup>
    <Midl Include="GraphicControl.odl">
      <Filter>Source Files\COM Implementation Files</Filter>
    </Midl>
  </ItemGroup>
  <ItemGroup>
    <ClInclude Include="include\Graphic_resource.h">
      <Filter>Header Files</Filter>
    </ClInclude>
    <ClInclude Include="include\ContainedFunction.h">
      <Filter>Header Files</Filter>
    </ClInclude>
    <ClInclude Include="include\graphic.h">
      <Filter>Header Files</Filter>
    </ClInclude>
    <ClInclude Include="include\General.h">
      <Filter>Header Files</Filter>
    </ClInclude>
    <ClInclude Include="include\ContainedObject.h">
      <Filter>Header Files</Filter>
    </ClInclude>
    <ClInclude Include="include\ContainedDataSet.h">
      <Filter>Header Files</Filter>
    </ClInclude>
    <ClInclude Include="include\GMessage.H">
      <Filter>Header Files</Filter>
    </ClInclude>
  </ItemGroup>
  <ItemGroup>
    <Image Include="G.bmp">
      <Filter>Resource Files</Filter>
    </Image>
  </ItemGroup>
  <ItemGroup>
    <ResourceCompile Include="graphic.rc">
      <Filter>Resource Files</Filter>
    </ResourceCompile>
  </ItemGroup>
</Project>