<?xml version="1.0" encoding="utf-8"?>
<Project ToolsVersion="4.0" xmlns="http://schemas.microsoft.com/developer/msbuild/2003">
  <ItemGroup>
    <Filter Include="Source Files">
      <UniqueIdentifier>{12a6ecfa-6bdf-4ade-a1a4-f9d5e8455ab8}</UniqueIdentifier>
      <Extensions>*.cpp</Extensions>
    </Filter>
    <Filter Include="Source Files\COM Files">
      <UniqueIdentifier>{1427e49b-9765-4308-afb8-c17b028bb5b5}</UniqueIdentifier>
    </Filter>
    <Filter Include="Source Files\COM Files\Function Events">
      <UniqueIdentifier>{865d7a64-613c-417f-836d-0a185be00135}</UniqueIdentifier>
    </Filter>
    <Filter Include="Source Files\COM Files\IFunction interface">
      <UniqueIdentifier>{b611964a-38ee-4b70-b49d-c10751c71c0b}</UniqueIdentifier>
    </Filter>
    <Filter Include="Header Files">
      <UniqueIdentifier>{78c9c24e-132a-4c15-89a6-bb78cf39c876}</UniqueIdentifier>
      <Extensions>*.h</Extensions>
    </Filter>
    <Filter Include="Resource Files">
      <UniqueIdentifier>{371b1269-c687-4987-9ab8-736a53e33192}</UniqueIdentifier>
    </Filter>
    <Filter Include="Source Files\COM Files\Connected Evaluator">
      <UniqueIdentifier>{8e6143c4-57fc-431c-bcfc-35b0f4cadf66}</UniqueIdentifier>
    </Filter>
    <Filter Include="Source Files\COM Files\Connected Evaluator\Evaluator Events">
      <UniqueIdentifier>{c648c486-05a7-4545-bd3a-a1960b6c1437}</UniqueIdentifier>
    </Filter>
  </ItemGroup>
  <ItemGroup>
    <ClCompile Include="\Common\Utils\COMUtils.cpp" />
    <ClCompile Include="\Common\Utils\mathUtils.cpp">
      <Filter>Source Files</Filter>
    </ClCompile>
    <ClCompile Include="\Common\Utils\registryUtils.cpp">
      <Filter>Source Files</Filter>
    </ClCompile>
    <ClCompile Include="\Common\Utils\Utils.cpp">
      <Filter>Source Files</Filter>
    </ClCompile>
    <ClCompile Include="\Common\Utils\VariantUtils.cpp">
      <Filter>Source Files</Filter>
    </ClCompile>
    <ClCompile Include="..\..\Common\source\VList.cpp">
      <Filter>Source Files</Filter>
    </ClCompile>
    <ClCompile Include="Source\COMImplementation.cpp" />
    <ClCompile Include="Source\ConnectedEvaluator.cpp" />
    <ClCompile Include="Source\defineFunction.cpp" />
    <ClCompile Include="Source\Function.cpp" />
    <ClCompile Include="Source\functionSpecDialogHandler.cpp" />
    <ClCompile Include="Source\IConnectionPoint.cpp" />
    <ClCompile Include="Source\IConnectionPointContainer.cpp" />
    <ClCompile Include="Source\IDataObject.cpp" />
    <ClCompile Include="Source\IEnumConnectionPoints.cpp" />
    <ClCompile Include="Source\IEnumerateConnections.cpp" />
    <ClCompile Include="Source\IEvaluatorEvents.cpp" />
    <ClCompile Include="Source\IFunction.cpp" />
    <ClCompile Include="Source\IGSFunctioNaterEvents.cpp" />
    <ClCompile Include="Source\IOleControl.cpp" />
    <ClCompile Include="Source\IOleInPlaceActiveObject.cpp" />
    <ClCompile Include="Source\IOleInPlaceObject.cpp" />
    <ClCompile Include="Source\IOleObject.cpp" />
    <ClCompile Include="Source\IPropertiesClient.cpp" />
    <ClCompile Include="Source\IPropertyPageClient.cpp" />
    <ClCompile Include="Source\IProvideClassInfo.cpp" />
    <ClCompile Include="Source\IQuickActivate.cpp" />
    <ClCompile Include="Source\IRunnableObject.cpp" />
    <ClCompile Include="Source\IUnknown.cpp" />
    <ClCompile Include="Source\IViewObject.cpp" />
    <ClCompile Include="Source\propertiesHandler.cpp" />
  </ItemGroup>
  <ItemGroup>
    <ClInclude Include="ConnectedEvaluator.h">
      <Filter>Source Files\COM Files\Connected Evaluator</Filter>
    </ClInclude>
    <ClInclude Include="IGSFunctioNaterEvents.h">
      <Filter>Source Files\COM Files\Function Events</Filter>
    </ClInclude>
    <ClInclude Include="Function.h">
      <Filter>Header Files</Filter>
    </ClInclude>
    <ClInclude Include="..\include\Graphic_resource.h">
      <Filter>Header Files</Filter>
    </ClInclude>
  </ItemGroup>
  <ItemGroup>
    <Midl Include="Function.odl">
      <Filter>Source Files\COM Files</Filter>
    </Midl>
  </ItemGroup>
  <ItemGroup>
    <CustomBuild Include="Evaluator.tlb" />
    <CustomBuild Include="Function.def" />
    <CustomBuild Include="Function.tlb" />
  </ItemGroup>
  <ItemGroup>
    <ResourceCompile Include="Function.rc">
      <Filter>Resource Files</Filter>
    </ResourceCompile>
  </ItemGroup>
</Project>